// !$*UTF8*$!
{
	archiveVersion = 1;
	classes = {
	};
	objectVersion = 46;
	objects = {

/* Begin PBXBuildFile section */
		70240FD015469495001102E4 /* Folder.png in Resources */ = {isa = PBXBuildFile; fileRef = 70240FCF15469495001102E4 /* Folder.png */; };
		70240FD21546949E001102E4 /* Folder@2x.png in Resources */ = {isa = PBXBuildFile; fileRef = 70240FD11546949E001102E4 /* Folder@2x.png */; };
		70240FD4154694A6001102E4 /* Key@2x.png in Resources */ = {isa = PBXBuildFile; fileRef = 70240FD3154694A6001102E4 /* Key@2x.png */; };
		70240FD815469677001102E4 /* Collaborators.png in Resources */ = {isa = PBXBuildFile; fileRef = 70240FD715469677001102E4 /* Collaborators.png */; };
		70240FDA15469734001102E4 /* Collaborators@2x.png in Resources */ = {isa = PBXBuildFile; fileRef = 70240FD915469734001102E4 /* Collaborators@2x.png */; };
		70240FDE154698AA001102E4 /* My-Tasks.png in Resources */ = {isa = PBXBuildFile; fileRef = 70240FDD154698AA001102E4 /* My-Tasks.png */; };
		70240FEC15469959001102E4 /* My-Tasks@2x.png in Resources */ = {isa = PBXBuildFile; fileRef = 70240FEB15469959001102E4 /* My-Tasks@2x.png */; };
		70240FEE154699DD001102E4 /* sortUp@2x.png in Resources */ = {isa = PBXBuildFile; fileRef = 70240FED154699DD001102E4 /* sortUp@2x.png */; };
		70240FF0154699EB001102E4 /* sortDown@2x.png in Resources */ = {isa = PBXBuildFile; fileRef = 70240FEF154699EB001102E4 /* sortDown@2x.png */; };
		70240FF215469CFF001102E4 /* Unknown.png in Resources */ = {isa = PBXBuildFile; fileRef = 70240FF115469CFF001102E4 /* Unknown.png */; };
		704AD61B14BF8B1D0088E76B /* CFNetwork.framework in Frameworks */ = {isa = PBXBuildFile; fileRef = 704AD61514BF8B1D0088E76B /* CFNetwork.framework */; };
		704AD61C14BF8B1D0088E76B /* CoreData.framework in Frameworks */ = {isa = PBXBuildFile; fileRef = 704AD61614BF8B1D0088E76B /* CoreData.framework */; };
		704AD61D14BF8B1D0088E76B /* libxml2.dylib in Frameworks */ = {isa = PBXBuildFile; fileRef = 704AD61714BF8B1D0088E76B /* libxml2.dylib */; };
		704AD61E14BF8B1D0088E76B /* MobileCoreServices.framework in Frameworks */ = {isa = PBXBuildFile; fileRef = 704AD61814BF8B1D0088E76B /* MobileCoreServices.framework */; };
		704AD61F14BF8B1D0088E76B /* Security.framework in Frameworks */ = {isa = PBXBuildFile; fileRef = 704AD61914BF8B1D0088E76B /* Security.framework */; };
		704AD62014BF8B1D0088E76B /* SystemConfiguration.framework in Frameworks */ = {isa = PBXBuildFile; fileRef = 704AD61A14BF8B1D0088E76B /* SystemConfiguration.framework */; };
		7086D9FB1545DD3300C2B4B5 /* VaultIcon-072.png in Resources */ = {isa = PBXBuildFile; fileRef = 7086D9FA1545DD3300C2B4B5 /* VaultIcon-072.png */; };
		7086D9FD1545DD3D00C2B4B5 /* VaultIcon-144.png in Resources */ = {isa = PBXBuildFile; fileRef = 7086D9FC1545DD3D00C2B4B5 /* VaultIcon-144.png */; };
		708D003414D1F80500C91AC6 /* libRestKit.a in Frameworks */ = {isa = PBXBuildFile; fileRef = 708D001114D1F2CD00C91AC6 /* libRestKit.a */; };
		70B5CAA21547445600657EC4 /* main.m in Sources */ = {isa = PBXBuildFile; fileRef = 70B5CA9F1547445600657EC4 /* main.m */; };
		70B5CAA31547445600657EC4 /* Vault-Info.plist in Resources */ = {isa = PBXBuildFile; fileRef = 70B5CAA01547445600657EC4 /* Vault-Info.plist */; };
		70B5CAA81547447400657EC4 /* InfoPlist.strings in Resources */ = {isa = PBXBuildFile; fileRef = 70B5CAA41547447400657EC4 /* InfoPlist.strings */; };
		70B5CAA91547447400657EC4 /* MainStoryboard.storyboard in Resources */ = {isa = PBXBuildFile; fileRef = 70B5CAA61547447400657EC4 /* MainStoryboard.storyboard */; };
		70B5CAB8154744A900657EC4 /* AppDelegate.m in Sources */ = {isa = PBXBuildFile; fileRef = 70B5CAAB154744A900657EC4 /* AppDelegate.m */; };
		70B5CAB9154744A900657EC4 /* FirstViewController.m in Sources */ = {isa = PBXBuildFile; fileRef = 70B5CAAD154744A900657EC4 /* FirstViewController.m */; };
		70B5CABA154744A900657EC4 /* FourthViewController.m in Sources */ = {isa = PBXBuildFile; fileRef = 70B5CAAF154744A900657EC4 /* FourthViewController.m */; };
		70B5CABB154744A900657EC4 /* LoginViewController.m in Sources */ = {isa = PBXBuildFile; fileRef = 70B5CAB1154744A900657EC4 /* LoginViewController.m */; };
		70B5CABC154744A900657EC4 /* LogoutViewController.m in Sources */ = {isa = PBXBuildFile; fileRef = 70B5CAB3154744A900657EC4 /* LogoutViewController.m */; };
		70B5CABD154744A900657EC4 /* SecondViewController.m in Sources */ = {isa = PBXBuildFile; fileRef = 70B5CAB5154744A900657EC4 /* SecondViewController.m */; };
		70B5CABE154744A900657EC4 /* ThirdViewController.m in Sources */ = {isa = PBXBuildFile; fileRef = 70B5CAB7154744A900657EC4 /* ThirdViewController.m */; };
		70B5CAC5154744C700657EC4 /* DocumentsView.m in Sources */ = {isa = PBXBuildFile; fileRef = 70B5CAC0154744C700657EC4 /* DocumentsView.m */; };
		70B5CAC6154744C700657EC4 /* PropertiesViewController.m in Sources */ = {isa = PBXBuildFile; fileRef = 70B5CAC2154744C700657EC4 /* PropertiesViewController.m */; };
		70B5CAC7154744C700657EC4 /* TableView.m in Sources */ = {isa = PBXBuildFile; fileRef = 70B5CAC4154744C700657EC4 /* TableView.m */; };
		70B5CAD0154744EE00657EC4 /* AuthUserDetail.m in Sources */ = {isa = PBXBuildFile; fileRef = 70B5CAC9154744EE00657EC4 /* AuthUserDetail.m */; };
		70B5CAD1154744EE00657EC4 /* Document.m in Sources */ = {isa = PBXBuildFile; fileRef = 70B5CACB154744EE00657EC4 /* Document.m */; };
		70B5CAD2154744EE00657EC4 /* SessionTest.m in Sources */ = {isa = PBXBuildFile; fileRef = 70B5CACD154744EE00657EC4 /* SessionTest.m */; };
		70B5CAD3154744EE00657EC4 /* VaultUser.m in Sources */ = {isa = PBXBuildFile; fileRef = 70B5CACF154744EE00657EC4 /* VaultUser.m */; };
		70B5CAD71547450500657EC4 /* KeychainItemWrapper.m in Sources */ = {isa = PBXBuildFile; fileRef = 70B5CAD61547450500657EC4 /* KeychainItemWrapper.m */; };
		70B5CAEC1547457700657EC4 /* ReaderConstants.m in Sources */ = {isa = PBXBuildFile; fileRef = 70B5CAD91547457700657EC4 /* ReaderConstants.m */; settings = {COMPILER_FLAGS = " -fno-objc-arc"; }; };
		70B5CAED1547457700657EC4 /* ReaderContentPage.m in Sources */ = {isa = PBXBuildFile; fileRef = 70B5CADB1547457700657EC4 /* ReaderContentPage.m */; settings = {COMPILER_FLAGS = " -fno-objc-arc"; }; };
		70B5CAEE1547457700657EC4 /* ReaderContentTile.m in Sources */ = {isa = PBXBuildFile; fileRef = 70B5CADD1547457700657EC4 /* ReaderContentTile.m */; settings = {COMPILER_FLAGS = " -fno-objc-arc"; }; };
		70B5CAEF1547457700657EC4 /* ReaderContentView.m in Sources */ = {isa = PBXBuildFile; fileRef = 70B5CADF1547457700657EC4 /* ReaderContentView.m */; settings = {COMPILER_FLAGS = " -fno-objc-arc"; }; };
		70B5CAF01547457700657EC4 /* ReaderDocument.m in Sources */ = {isa = PBXBuildFile; fileRef = 70B5CAE11547457700657EC4 /* ReaderDocument.m */; settings = {COMPILER_FLAGS = " -fno-objc-arc"; }; };
		70B5CAF11547457700657EC4 /* ReaderMainPagebar.m in Sources */ = {isa = PBXBuildFile; fileRef = 70B5CAE31547457700657EC4 /* ReaderMainPagebar.m */; settings = {COMPILER_FLAGS = " -fno-objc-arc"; }; };
		70B5CAF21547457700657EC4 /* ReaderMainToolbar.m in Sources */ = {isa = PBXBuildFile; fileRef = 70B5CAE51547457700657EC4 /* ReaderMainToolbar.m */; settings = {COMPILER_FLAGS = " -fno-objc-arc"; }; };
		70B5CAF31547457700657EC4 /* ReaderViewController.m in Sources */ = {isa = PBXBuildFile; fileRef = 70B5CAE71547457700657EC4 /* ReaderViewController.m */; settings = {COMPILER_FLAGS = " -fno-objc-arc"; }; };
		70B5CAF41547457700657EC4 /* ThumbsMainToolbar.m in Sources */ = {isa = PBXBuildFile; fileRef = 70B5CAE91547457700657EC4 /* ThumbsMainToolbar.m */; settings = {COMPILER_FLAGS = " -fno-objc-arc"; }; };
		70B5CAF51547457700657EC4 /* ThumbsViewController.m in Sources */ = {isa = PBXBuildFile; fileRef = 70B5CAEB1547457700657EC4 /* ThumbsViewController.m */; settings = {COMPILER_FLAGS = " -fno-objc-arc"; }; };
		70B5CB081547461B00657EC4 /* CGPDFDocument.m in Sources */ = {isa = PBXBuildFile; fileRef = 70B5CAF71547461B00657EC4 /* CGPDFDocument.m */; settings = {COMPILER_FLAGS = " -fno-objc-arc"; }; };
		70B5CB091547461B00657EC4 /* ReaderThumbCache.m in Sources */ = {isa = PBXBuildFile; fileRef = 70B5CAF91547461B00657EC4 /* ReaderThumbCache.m */; settings = {COMPILER_FLAGS = " -fno-objc-arc"; }; };
		70B5CB0A1547461B00657EC4 /* ReaderThumbFetch.m in Sources */ = {isa = PBXBuildFile; fileRef = 70B5CAFB1547461B00657EC4 /* ReaderThumbFetch.m */; settings = {COMPILER_FLAGS = " -fno-objc-arc"; }; };
		70B5CB0B1547461B00657EC4 /* ReaderThumbQueue.m in Sources */ = {isa = PBXBuildFile; fileRef = 70B5CAFD1547461B00657EC4 /* ReaderThumbQueue.m */; settings = {COMPILER_FLAGS = " -fno-objc-arc"; }; };
		70B5CB0C1547461B00657EC4 /* ReaderThumbRender.m in Sources */ = {isa = PBXBuildFile; fileRef = 70B5CAFF1547461B00657EC4 /* ReaderThumbRender.m */; settings = {COMPILER_FLAGS = " -fno-objc-arc"; }; };
		70B5CB0D1547461B00657EC4 /* ReaderThumbRequest.m in Sources */ = {isa = PBXBuildFile; fileRef = 70B5CB011547461B00657EC4 /* ReaderThumbRequest.m */; settings = {COMPILER_FLAGS = " -fno-objc-arc"; }; };
		70B5CB0E1547461B00657EC4 /* ReaderThumbsView.m in Sources */ = {isa = PBXBuildFile; fileRef = 70B5CB031547461B00657EC4 /* ReaderThumbsView.m */; settings = {COMPILER_FLAGS = " -fno-objc-arc"; }; };
		70B5CB0F1547461B00657EC4 /* ReaderThumbView.m in Sources */ = {isa = PBXBuildFile; fileRef = 70B5CB051547461B00657EC4 /* ReaderThumbView.m */; settings = {COMPILER_FLAGS = " -fno-objc-arc"; }; };
		70B5CB101547461B00657EC4 /* UIXToolbarView.m in Sources */ = {isa = PBXBuildFile; fileRef = 70B5CB071547461B00657EC4 /* UIXToolbarView.m */; settings = {COMPILER_FLAGS = " -fno-objc-arc"; }; };
		70B5CB161547467A00657EC4 /* pdf.png in Resources */ = {isa = PBXBuildFile; fileRef = 70B5CB111547467A00657EC4 /* pdf.png */; };
		70B5CB171547467A00657EC4 /* ppt.png in Resources */ = {isa = PBXBuildFile; fileRef = 70B5CB121547467A00657EC4 /* ppt.png */; };
		70B5CB181547467A00657EC4 /* Unknown.png in Resources */ = {isa = PBXBuildFile; fileRef = 70B5CB131547467A00657EC4 /* Unknown.png */; };
		70B5CB191547467A00657EC4 /* vault.png in Resources */ = {isa = PBXBuildFile; fileRef = 70B5CB141547467A00657EC4 /* vault.png */; };
		70B5CB1A1547467A00657EC4 /* xls.png in Resources */ = {isa = PBXBuildFile; fileRef = 70B5CB151547467A00657EC4 /* xls.png */; };
		70B5CB29154746AF00657EC4 /* Reader-Button-H.png in Resources */ = {isa = PBXBuildFile; fileRef = 70B5CB1B154746AF00657EC4 /* Reader-Button-H.png */; };
		70B5CB2A154746AF00657EC4 /* Reader-Button-H@2x.png in Resources */ = {isa = PBXBuildFile; fileRef = 70B5CB1C154746AF00657EC4 /* Reader-Button-H@2x.png */; };
		70B5CB2B154746AF00657EC4 /* Reader-Button-N.png in Resources */ = {isa = PBXBuildFile; fileRef = 70B5CB1D154746AF00657EC4 /* Reader-Button-N.png */; };
		70B5CB2C154746AF00657EC4 /* Reader-Button-N@2x.png in Resources */ = {isa = PBXBuildFile; fileRef = 70B5CB1E154746AF00657EC4 /* Reader-Button-N@2x.png */; };
		70B5CB2D154746AF00657EC4 /* Reader-Email.png in Resources */ = {isa = PBXBuildFile; fileRef = 70B5CB1F154746AF00657EC4 /* Reader-Email.png */; };
		70B5CB2E154746AF00657EC4 /* Reader-Email@2x.png in Resources */ = {isa = PBXBuildFile; fileRef = 70B5CB20154746AF00657EC4 /* Reader-Email@2x.png */; };
		70B5CB2F154746AF00657EC4 /* Reader-Mark-N.png in Resources */ = {isa = PBXBuildFile; fileRef = 70B5CB21154746AF00657EC4 /* Reader-Mark-N.png */; };
		70B5CB30154746AF00657EC4 /* Reader-Mark-N@2x.png in Resources */ = {isa = PBXBuildFile; fileRef = 70B5CB22154746AF00657EC4 /* Reader-Mark-N@2x.png */; };
		70B5CB31154746AF00657EC4 /* Reader-Mark-Y.png in Resources */ = {isa = PBXBuildFile; fileRef = 70B5CB23154746AF00657EC4 /* Reader-Mark-Y.png */; };
		70B5CB32154746AF00657EC4 /* Reader-Mark-Y@2x.png in Resources */ = {isa = PBXBuildFile; fileRef = 70B5CB24154746AF00657EC4 /* Reader-Mark-Y@2x.png */; };
		70B5CB33154746AF00657EC4 /* Reader-Print.png in Resources */ = {isa = PBXBuildFile; fileRef = 70B5CB25154746AF00657EC4 /* Reader-Print.png */; };
		70B5CB34154746AF00657EC4 /* Reader-Print@2x.png in Resources */ = {isa = PBXBuildFile; fileRef = 70B5CB26154746AF00657EC4 /* Reader-Print@2x.png */; };
		70B5CB35154746AF00657EC4 /* Reader-Thumbs.png in Resources */ = {isa = PBXBuildFile; fileRef = 70B5CB27154746AF00657EC4 /* Reader-Thumbs.png */; };
		70B5CB36154746AF00657EC4 /* Reader-Thumbs@2x.png in Resources */ = {isa = PBXBuildFile; fileRef = 70B5CB28154746AF00657EC4 /* Reader-Thumbs@2x.png */; };
		70B5CB3B154748AB00657EC4 /* Doc.png in Resources */ = {isa = PBXBuildFile; fileRef = 70B5CB37154748AB00657EC4 /* Doc.png */; };
		70B5CB3C154748AB00657EC4 /* Key.png in Resources */ = {isa = PBXBuildFile; fileRef = 70B5CB38154748AB00657EC4 /* Key.png */; };
		70B5CB3D154748AB00657EC4 /* sortDown.png in Resources */ = {isa = PBXBuildFile; fileRef = 70B5CB39154748AB00657EC4 /* sortDown.png */; };
		70B5CB3E154748AB00657EC4 /* sortUp.png in Resources */ = {isa = PBXBuildFile; fileRef = 70B5CB3A154748AB00657EC4 /* sortUp.png */; };
		70B5CB4D1547497F00657EC4 /* Reader-Gear.png in Resources */ = {isa = PBXBuildFile; fileRef = 70B5CB4B1547497F00657EC4 /* Reader-Gear.png */; };
		70B5CB4E1547497F00657EC4 /* Reader-Gear@2x.png in Resources */ = {isa = PBXBuildFile; fileRef = 70B5CB4C1547497F00657EC4 /* Reader-Gear@2x.png */; };
		70BEACEF153C0C3000EED0C6 /* ImageIO.framework in Frameworks */ = {isa = PBXBuildFile; fileRef = 70BEACEE153C0C3000EED0C6 /* ImageIO.framework */; };
		70BEACF1153C0C4500EED0C6 /* QuartzCore.framework in Frameworks */ = {isa = PBXBuildFile; fileRef = 70BEACF0153C0C4500EED0C6 /* QuartzCore.framework */; };
		70BEACF3153C0C5800EED0C6 /* MessageUI.framework in Frameworks */ = {isa = PBXBuildFile; fileRef = 70BEACF2153C0C5800EED0C6 /* MessageUI.framework */; };
		70F164B414A3D8D400532A35 /* UIKit.framework in Frameworks */ = {isa = PBXBuildFile; fileRef = 70F164B314A3D8D400532A35 /* UIKit.framework */; };
		70F164B614A3D8D400532A35 /* Foundation.framework in Frameworks */ = {isa = PBXBuildFile; fileRef = 70F164B514A3D8D400532A35 /* Foundation.framework */; };
		70F164B814A3D8D400532A35 /* CoreGraphics.framework in Frameworks */ = {isa = PBXBuildFile; fileRef = 70F164B714A3D8D400532A35 /* CoreGraphics.framework */; };
		70F164DD14A3D8D400532A35 /* SenTestingKit.framework in Frameworks */ = {isa = PBXBuildFile; fileRef = 70F164DC14A3D8D400532A35 /* SenTestingKit.framework */; };
		70F164DE14A3D8D400532A35 /* UIKit.framework in Frameworks */ = {isa = PBXBuildFile; fileRef = 70F164B314A3D8D400532A35 /* UIKit.framework */; };
		70F164DF14A3D8D400532A35 /* Foundation.framework in Frameworks */ = {isa = PBXBuildFile; fileRef = 70F164B514A3D8D400532A35 /* Foundation.framework */; };
		70F164E714A3D8D400532A35 /* InfoPlist.strings in Resources */ = {isa = PBXBuildFile; fileRef = 70F164E514A3D8D400532A35 /* InfoPlist.strings */; };
		70F164EA14A3D8D400532A35 /* VaultTests.m in Sources */ = {isa = PBXBuildFile; fileRef = 70F164E914A3D8D400532A35 /* VaultTests.m */; };
/* End PBXBuildFile section */

/* Begin PBXContainerItemProxy section */
		708D001014D1F2CD00C91AC6 /* PBXContainerItemProxy */ = {
			isa = PBXContainerItemProxy;
			containerPortal = 708D000614D1F2CD00C91AC6 /* RestKit.xcodeproj */;
			proxyType = 2;
			remoteGlobalIDString = 25160D1614564E810060A5C5;
			remoteInfo = RestKit;
		};
		708D001214D1F2CD00C91AC6 /* PBXContainerItemProxy */ = {
			isa = PBXContainerItemProxy;
			containerPortal = 708D000614D1F2CD00C91AC6 /* RestKit.xcodeproj */;
			proxyType = 2;
			remoteGlobalIDString = 25160D2614564E820060A5C5;
			remoteInfo = RestKitTests;
		};
		708D001414D1F2CD00C91AC6 /* PBXContainerItemProxy */ = {
			isa = PBXContainerItemProxy;
			containerPortal = 708D000614D1F2CD00C91AC6 /* RestKit.xcodeproj */;
			proxyType = 2;
			remoteGlobalIDString = 25160E62145651060060A5C5;
			remoteInfo = RestKitFramework;
		};
		708D001614D1F2CD00C91AC6 /* PBXContainerItemProxy */ = {
			isa = PBXContainerItemProxy;
			containerPortal = 708D000614D1F2CD00C91AC6 /* RestKit.xcodeproj */;
			proxyType = 2;
			remoteGlobalIDString = 25160E78145651060060A5C5;
			remoteInfo = RestKitFrameworkTests;
		};
		708D003214D1F7EE00C91AC6 /* PBXContainerItemProxy */ = {
			isa = PBXContainerItemProxy;
			containerPortal = 708D000614D1F2CD00C91AC6 /* RestKit.xcodeproj */;
			proxyType = 1;
			remoteGlobalIDString = 25160D1514564E810060A5C5;
			remoteInfo = RestKit;
		};
		70F164E014A3D8D400532A35 /* PBXContainerItemProxy */ = {
			isa = PBXContainerItemProxy;
			containerPortal = 70F164A614A3D8D400532A35 /* Project object */;
			proxyType = 1;
			remoteGlobalIDString = 70F164AE14A3D8D400532A35;
			remoteInfo = Vault;
		};
/* End PBXContainerItemProxy section */

/* Begin PBXFileReference section */
		70240FCF15469495001102E4 /* Folder.png */ = {isa = PBXFileReference; lastKnownFileType = image.png; name = Folder.png; path = Graphics/Folder.png; sourceTree = SOURCE_ROOT; };
		70240FD11546949E001102E4 /* Folder@2x.png */ = {isa = PBXFileReference; lastKnownFileType = image.png; name = "Folder@2x.png"; path = "Graphics/Folder@2x.png"; sourceTree = SOURCE_ROOT; };
		70240FD3154694A6001102E4 /* Key@2x.png */ = {isa = PBXFileReference; lastKnownFileType = image.png; name = "Key@2x.png"; path = "Graphics/Key@2x.png"; sourceTree = SOURCE_ROOT; };
		70240FD715469677001102E4 /* Collaborators.png */ = {isa = PBXFileReference; lastKnownFileType = image.png; name = Collaborators.png; path = Graphics/Collaborators.png; sourceTree = SOURCE_ROOT; };
		70240FD915469734001102E4 /* Collaborators@2x.png */ = {isa = PBXFileReference; lastKnownFileType = image.png; name = "Collaborators@2x.png"; path = "Graphics/Collaborators@2x.png"; sourceTree = SOURCE_ROOT; };
		70240FDD154698AA001102E4 /* My-Tasks.png */ = {isa = PBXFileReference; lastKnownFileType = image.png; name = "My-Tasks.png"; path = "Graphics/My-Tasks.png"; sourceTree = SOURCE_ROOT; };
		70240FEB15469959001102E4 /* My-Tasks@2x.png */ = {isa = PBXFileReference; lastKnownFileType = image.png; name = "My-Tasks@2x.png"; path = "Graphics/My-Tasks@2x.png"; sourceTree = SOURCE_ROOT; };
		70240FED154699DD001102E4 /* sortUp@2x.png */ = {isa = PBXFileReference; lastKnownFileType = image.png; name = "sortUp@2x.png"; path = "Graphics/sortUp@2x.png"; sourceTree = SOURCE_ROOT; };
		70240FEF154699EB001102E4 /* sortDown@2x.png */ = {isa = PBXFileReference; lastKnownFileType = image.png; name = "sortDown@2x.png"; path = "Graphics/sortDown@2x.png"; sourceTree = SOURCE_ROOT; };
		70240FF115469CFF001102E4 /* Unknown.png */ = {isa = PBXFileReference; lastKnownFileType = image.png; name = Unknown.png; path = Graphics/Unknown.png; sourceTree = SOURCE_ROOT; };
		704AD61514BF8B1D0088E76B /* CFNetwork.framework */ = {isa = PBXFileReference; lastKnownFileType = wrapper.framework; name = CFNetwork.framework; path = System/Library/Frameworks/CFNetwork.framework; sourceTree = SDKROOT; };
		704AD61614BF8B1D0088E76B /* CoreData.framework */ = {isa = PBXFileReference; lastKnownFileType = wrapper.framework; name = CoreData.framework; path = System/Library/Frameworks/CoreData.framework; sourceTree = SDKROOT; };
		704AD61714BF8B1D0088E76B /* libxml2.dylib */ = {isa = PBXFileReference; lastKnownFileType = "compiled.mach-o.dylib"; name = libxml2.dylib; path = usr/lib/libxml2.dylib; sourceTree = SDKROOT; };
		704AD61814BF8B1D0088E76B /* MobileCoreServices.framework */ = {isa = PBXFileReference; lastKnownFileType = wrapper.framework; name = MobileCoreServices.framework; path = System/Library/Frameworks/MobileCoreServices.framework; sourceTree = SDKROOT; };
		704AD61914BF8B1D0088E76B /* Security.framework */ = {isa = PBXFileReference; lastKnownFileType = wrapper.framework; name = Security.framework; path = System/Library/Frameworks/Security.framework; sourceTree = SDKROOT; };
		704AD61A14BF8B1D0088E76B /* SystemConfiguration.framework */ = {isa = PBXFileReference; lastKnownFileType = wrapper.framework; name = SystemConfiguration.framework; path = System/Library/Frameworks/SystemConfiguration.framework; sourceTree = SDKROOT; };
		7086D9FA1545DD3300C2B4B5 /* VaultIcon-072.png */ = {isa = PBXFileReference; lastKnownFileType = image.png; path = "VaultIcon-072.png"; sourceTree = SOURCE_ROOT; };
		7086D9FC1545DD3D00C2B4B5 /* VaultIcon-144.png */ = {isa = PBXFileReference; lastKnownFileType = image.png; path = "VaultIcon-144.png"; sourceTree = SOURCE_ROOT; };
		708D000614D1F2CD00C91AC6 /* RestKit.xcodeproj */ = {isa = PBXFileReference; lastKnownFileType = "wrapper.pb-project"; name = RestKit.xcodeproj; path = RestKit/RestKit.xcodeproj; sourceTree = "<group>"; };
		70B5CA9F1547445600657EC4 /* main.m */ = {isa = PBXFileReference; fileEncoding = 4; lastKnownFileType = sourcecode.c.objc; name = main.m; path = Resources/main.m; sourceTree = SOURCE_ROOT; };
		70B5CAA01547445600657EC4 /* Vault-Info.plist */ = {isa = PBXFileReference; fileEncoding = 4; lastKnownFileType = text.plist.xml; name = "Vault-Info.plist"; path = "Resources/Vault-Info.plist"; sourceTree = SOURCE_ROOT; };
		70B5CAA11547445600657EC4 /* Vault-Prefix.pch */ = {isa = PBXFileReference; fileEncoding = 4; lastKnownFileType = sourcecode.c.h; name = "Vault-Prefix.pch"; path = "Resources/Vault-Prefix.pch"; sourceTree = SOURCE_ROOT; };
		70B5CAA51547447400657EC4 /* en */ = {isa = PBXFileReference; lastKnownFileType = text.plist.strings; name = en; path = Resources/en.lproj/InfoPlist.strings; sourceTree = SOURCE_ROOT; };
		70B5CAA71547447400657EC4 /* en */ = {isa = PBXFileReference; lastKnownFileType = file.storyboard; name = en; path = Resources/en.lproj/MainStoryboard.storyboard; sourceTree = SOURCE_ROOT; };
		70B5CAAA154744A900657EC4 /* AppDelegate.h */ = {isa = PBXFileReference; fileEncoding = 4; lastKnownFileType = sourcecode.c.h; name = AppDelegate.h; path = Classes/AppDelegate.h; sourceTree = SOURCE_ROOT; };
		70B5CAAB154744A900657EC4 /* AppDelegate.m */ = {isa = PBXFileReference; fileEncoding = 4; lastKnownFileType = sourcecode.c.objc; name = AppDelegate.m; path = Classes/AppDelegate.m; sourceTree = SOURCE_ROOT; };
		70B5CAAC154744A900657EC4 /* FirstViewController.h */ = {isa = PBXFileReference; fileEncoding = 4; lastKnownFileType = sourcecode.c.h; name = FirstViewController.h; path = Classes/FirstViewController.h; sourceTree = SOURCE_ROOT; };
		70B5CAAD154744A900657EC4 /* FirstViewController.m */ = {isa = PBXFileReference; fileEncoding = 4; lastKnownFileType = sourcecode.c.objc; name = FirstViewController.m; path = Classes/FirstViewController.m; sourceTree = SOURCE_ROOT; };
		70B5CAAE154744A900657EC4 /* FourthViewController.h */ = {isa = PBXFileReference; fileEncoding = 4; lastKnownFileType = sourcecode.c.h; name = FourthViewController.h; path = Classes/FourthViewController.h; sourceTree = SOURCE_ROOT; };
		70B5CAAF154744A900657EC4 /* FourthViewController.m */ = {isa = PBXFileReference; fileEncoding = 4; lastKnownFileType = sourcecode.c.objc; name = FourthViewController.m; path = Classes/FourthViewController.m; sourceTree = SOURCE_ROOT; };
		70B5CAB0154744A900657EC4 /* LoginViewController.h */ = {isa = PBXFileReference; fileEncoding = 4; lastKnownFileType = sourcecode.c.h; name = LoginViewController.h; path = Classes/LoginViewController.h; sourceTree = SOURCE_ROOT; };
		70B5CAB1154744A900657EC4 /* LoginViewController.m */ = {isa = PBXFileReference; fileEncoding = 4; lastKnownFileType = sourcecode.c.objc; name = LoginViewController.m; path = Classes/LoginViewController.m; sourceTree = SOURCE_ROOT; };
		70B5CAB2154744A900657EC4 /* LogoutViewController.h */ = {isa = PBXFileReference; fileEncoding = 4; lastKnownFileType = sourcecode.c.h; name = LogoutViewController.h; path = Classes/LogoutViewController.h; sourceTree = SOURCE_ROOT; };
		70B5CAB3154744A900657EC4 /* LogoutViewController.m */ = {isa = PBXFileReference; fileEncoding = 4; lastKnownFileType = sourcecode.c.objc; name = LogoutViewController.m; path = Classes/LogoutViewController.m; sourceTree = SOURCE_ROOT; };
		70B5CAB4154744A900657EC4 /* SecondViewController.h */ = {isa = PBXFileReference; fileEncoding = 4; lastKnownFileType = sourcecode.c.h; name = SecondViewController.h; path = Classes/SecondViewController.h; sourceTree = SOURCE_ROOT; };
		70B5CAB5154744A900657EC4 /* SecondViewController.m */ = {isa = PBXFileReference; fileEncoding = 4; lastKnownFileType = sourcecode.c.objc; name = SecondViewController.m; path = Classes/SecondViewController.m; sourceTree = SOURCE_ROOT; };
		70B5CAB6154744A900657EC4 /* ThirdViewController.h */ = {isa = PBXFileReference; fileEncoding = 4; lastKnownFileType = sourcecode.c.h; name = ThirdViewController.h; path = Classes/ThirdViewController.h; sourceTree = SOURCE_ROOT; };
		70B5CAB7154744A900657EC4 /* ThirdViewController.m */ = {isa = PBXFileReference; fileEncoding = 4; lastKnownFileType = sourcecode.c.objc; name = ThirdViewController.m; path = Classes/ThirdViewController.m; sourceTree = SOURCE_ROOT; };
		70B5CABF154744C700657EC4 /* DocumentsView.h */ = {isa = PBXFileReference; fileEncoding = 4; lastKnownFileType = sourcecode.c.h; name = DocumentsView.h; path = Subclasses/DocumentsView.h; sourceTree = SOURCE_ROOT; };
		70B5CAC0154744C700657EC4 /* DocumentsView.m */ = {isa = PBXFileReference; fileEncoding = 4; lastKnownFileType = sourcecode.c.objc; name = DocumentsView.m; path = Subclasses/DocumentsView.m; sourceTree = SOURCE_ROOT; };
		70B5CAC1154744C700657EC4 /* PropertiesViewController.h */ = {isa = PBXFileReference; fileEncoding = 4; lastKnownFileType = sourcecode.c.h; name = PropertiesViewController.h; path = Subclasses/PropertiesViewController.h; sourceTree = SOURCE_ROOT; };
		70B5CAC2154744C700657EC4 /* PropertiesViewController.m */ = {isa = PBXFileReference; fileEncoding = 4; lastKnownFileType = sourcecode.c.objc; name = PropertiesViewController.m; path = Subclasses/PropertiesViewController.m; sourceTree = SOURCE_ROOT; };
		70B5CAC3154744C700657EC4 /* TableView.h */ = {isa = PBXFileReference; fileEncoding = 4; lastKnownFileType = sourcecode.c.h; name = TableView.h; path = Subclasses/TableView.h; sourceTree = SOURCE_ROOT; };
		70B5CAC4154744C700657EC4 /* TableView.m */ = {isa = PBXFileReference; fileEncoding = 4; lastKnownFileType = sourcecode.c.objc; name = TableView.m; path = Subclasses/TableView.m; sourceTree = SOURCE_ROOT; };
		70B5CAC8154744EE00657EC4 /* AuthUserDetail.h */ = {isa = PBXFileReference; fileEncoding = 4; lastKnownFileType = sourcecode.c.h; name = AuthUserDetail.h; path = RemoteObjects/AuthUserDetail.h; sourceTree = SOURCE_ROOT; };
		70B5CAC9154744EE00657EC4 /* AuthUserDetail.m */ = {isa = PBXFileReference; fileEncoding = 4; lastKnownFileType = sourcecode.c.objc; name = AuthUserDetail.m; path = RemoteObjects/AuthUserDetail.m; sourceTree = SOURCE_ROOT; };
		70B5CACA154744EE00657EC4 /* Document.h */ = {isa = PBXFileReference; fileEncoding = 4; lastKnownFileType = sourcecode.c.h; name = Document.h; path = RemoteObjects/Document.h; sourceTree = SOURCE_ROOT; };
		70B5CACB154744EE00657EC4 /* Document.m */ = {isa = PBXFileReference; fileEncoding = 4; lastKnownFileType = sourcecode.c.objc; name = Document.m; path = RemoteObjects/Document.m; sourceTree = SOURCE_ROOT; };
		70B5CACC154744EE00657EC4 /* SessionTest.h */ = {isa = PBXFileReference; fileEncoding = 4; lastKnownFileType = sourcecode.c.h; name = SessionTest.h; path = RemoteObjects/SessionTest.h; sourceTree = SOURCE_ROOT; };
		70B5CACD154744EE00657EC4 /* SessionTest.m */ = {isa = PBXFileReference; fileEncoding = 4; lastKnownFileType = sourcecode.c.objc; name = SessionTest.m; path = RemoteObjects/SessionTest.m; sourceTree = SOURCE_ROOT; };
		70B5CACE154744EE00657EC4 /* VaultUser.h */ = {isa = PBXFileReference; fileEncoding = 4; lastKnownFileType = sourcecode.c.h; name = VaultUser.h; path = RemoteObjects/VaultUser.h; sourceTree = SOURCE_ROOT; };
		70B5CACF154744EE00657EC4 /* VaultUser.m */ = {isa = PBXFileReference; fileEncoding = 4; lastKnownFileType = sourcecode.c.objc; name = VaultUser.m; path = RemoteObjects/VaultUser.m; sourceTree = SOURCE_ROOT; };
		70B5CAD41547450500657EC4 /* Constants.h */ = {isa = PBXFileReference; fileEncoding = 4; lastKnownFileType = sourcecode.c.h; name = Constants.h; path = Support/Constants.h; sourceTree = SOURCE_ROOT; };
		70B5CAD51547450500657EC4 /* KeychainItemWrapper.h */ = {isa = PBXFileReference; fileEncoding = 4; lastKnownFileType = sourcecode.c.h; name = KeychainItemWrapper.h; path = Support/KeychainItemWrapper.h; sourceTree = SOURCE_ROOT; };
		70B5CAD61547450500657EC4 /* KeychainItemWrapper.m */ = {isa = PBXFileReference; fileEncoding = 4; lastKnownFileType = sourcecode.c.objc; name = KeychainItemWrapper.m; path = Support/KeychainItemWrapper.m; sourceTree = SOURCE_ROOT; };
		70B5CAD81547457700657EC4 /* ReaderConstants.h */ = {isa = PBXFileReference; fileEncoding = 4; lastKnownFileType = sourcecode.c.h; name = ReaderConstants.h; path = Reader/ReaderConstants.h; sourceTree = SOURCE_ROOT; };
		70B5CAD91547457700657EC4 /* ReaderConstants.m */ = {isa = PBXFileReference; fileEncoding = 4; lastKnownFileType = sourcecode.c.objc; name = ReaderConstants.m; path = Reader/ReaderConstants.m; sourceTree = SOURCE_ROOT; };
		70B5CADA1547457700657EC4 /* ReaderContentPage.h */ = {isa = PBXFileReference; fileEncoding = 4; lastKnownFileType = sourcecode.c.h; name = ReaderContentPage.h; path = Reader/ReaderContentPage.h; sourceTree = SOURCE_ROOT; };
		70B5CADB1547457700657EC4 /* ReaderContentPage.m */ = {isa = PBXFileReference; fileEncoding = 4; lastKnownFileType = sourcecode.c.objc; name = ReaderContentPage.m; path = Reader/ReaderContentPage.m; sourceTree = SOURCE_ROOT; };
		70B5CADC1547457700657EC4 /* ReaderContentTile.h */ = {isa = PBXFileReference; fileEncoding = 4; lastKnownFileType = sourcecode.c.h; name = ReaderContentTile.h; path = Reader/ReaderContentTile.h; sourceTree = SOURCE_ROOT; };
		70B5CADD1547457700657EC4 /* ReaderContentTile.m */ = {isa = PBXFileReference; fileEncoding = 4; lastKnownFileType = sourcecode.c.objc; name = ReaderContentTile.m; path = Reader/ReaderContentTile.m; sourceTree = SOURCE_ROOT; };
		70B5CADE1547457700657EC4 /* ReaderContentView.h */ = {isa = PBXFileReference; fileEncoding = 4; lastKnownFileType = sourcecode.c.h; name = ReaderContentView.h; path = Reader/ReaderContentView.h; sourceTree = SOURCE_ROOT; };
		70B5CADF1547457700657EC4 /* ReaderContentView.m */ = {isa = PBXFileReference; fileEncoding = 4; lastKnownFileType = sourcecode.c.objc; name = ReaderContentView.m; path = Reader/ReaderContentView.m; sourceTree = SOURCE_ROOT; };
		70B5CAE01547457700657EC4 /* ReaderDocument.h */ = {isa = PBXFileReference; fileEncoding = 4; lastKnownFileType = sourcecode.c.h; name = ReaderDocument.h; path = Reader/ReaderDocument.h; sourceTree = SOURCE_ROOT; };
		70B5CAE11547457700657EC4 /* ReaderDocument.m */ = {isa = PBXFileReference; fileEncoding = 4; lastKnownFileType = sourcecode.c.objc; name = ReaderDocument.m; path = Reader/ReaderDocument.m; sourceTree = SOURCE_ROOT; };
		70B5CAE21547457700657EC4 /* ReaderMainPagebar.h */ = {isa = PBXFileReference; fileEncoding = 4; lastKnownFileType = sourcecode.c.h; name = ReaderMainPagebar.h; path = Reader/ReaderMainPagebar.h; sourceTree = SOURCE_ROOT; };
		70B5CAE31547457700657EC4 /* ReaderMainPagebar.m */ = {isa = PBXFileReference; fileEncoding = 4; lastKnownFileType = sourcecode.c.objc; name = ReaderMainPagebar.m; path = Reader/ReaderMainPagebar.m; sourceTree = SOURCE_ROOT; };
		70B5CAE41547457700657EC4 /* ReaderMainToolbar.h */ = {isa = PBXFileReference; fileEncoding = 4; lastKnownFileType = sourcecode.c.h; name = ReaderMainToolbar.h; path = Reader/ReaderMainToolbar.h; sourceTree = SOURCE_ROOT; };
		70B5CAE51547457700657EC4 /* ReaderMainToolbar.m */ = {isa = PBXFileReference; fileEncoding = 4; lastKnownFileType = sourcecode.c.objc; name = ReaderMainToolbar.m; path = Reader/ReaderMainToolbar.m; sourceTree = SOURCE_ROOT; };
		70B5CAE61547457700657EC4 /* ReaderViewController.h */ = {isa = PBXFileReference; fileEncoding = 4; lastKnownFileType = sourcecode.c.h; name = ReaderViewController.h; path = Reader/ReaderViewController.h; sourceTree = SOURCE_ROOT; };
		70B5CAE71547457700657EC4 /* ReaderViewController.m */ = {isa = PBXFileReference; fileEncoding = 4; lastKnownFileType = sourcecode.c.objc; name = ReaderViewController.m; path = Reader/ReaderViewController.m; sourceTree = SOURCE_ROOT; };
		70B5CAE81547457700657EC4 /* ThumbsMainToolbar.h */ = {isa = PBXFileReference; fileEncoding = 4; lastKnownFileType = sourcecode.c.h; name = ThumbsMainToolbar.h; path = Reader/ThumbsMainToolbar.h; sourceTree = SOURCE_ROOT; };
		70B5CAE91547457700657EC4 /* ThumbsMainToolbar.m */ = {isa = PBXFileReference; fileEncoding = 4; lastKnownFileType = sourcecode.c.objc; name = ThumbsMainToolbar.m; path = Reader/ThumbsMainToolbar.m; sourceTree = SOURCE_ROOT; };
		70B5CAEA1547457700657EC4 /* ThumbsViewController.h */ = {isa = PBXFileReference; fileEncoding = 4; lastKnownFileType = sourcecode.c.h; name = ThumbsViewController.h; path = Reader/ThumbsViewController.h; sourceTree = SOURCE_ROOT; };
		70B5CAEB1547457700657EC4 /* ThumbsViewController.m */ = {isa = PBXFileReference; fileEncoding = 4; lastKnownFileType = sourcecode.c.objc; name = ThumbsViewController.m; path = Reader/ThumbsViewController.m; sourceTree = SOURCE_ROOT; };
		70B5CAF61547461B00657EC4 /* CGPDFDocument.h */ = {isa = PBXFileReference; fileEncoding = 4; lastKnownFileType = sourcecode.c.h; name = CGPDFDocument.h; path = Reader/CGPDFDocument.h; sourceTree = SOURCE_ROOT; };
		70B5CAF71547461B00657EC4 /* CGPDFDocument.m */ = {isa = PBXFileReference; fileEncoding = 4; lastKnownFileType = sourcecode.c.objc; name = CGPDFDocument.m; path = Reader/CGPDFDocument.m; sourceTree = SOURCE_ROOT; };
		70B5CAF81547461B00657EC4 /* ReaderThumbCache.h */ = {isa = PBXFileReference; fileEncoding = 4; lastKnownFileType = sourcecode.c.h; name = ReaderThumbCache.h; path = Reader/ReaderThumbCache.h; sourceTree = SOURCE_ROOT; };
		70B5CAF91547461B00657EC4 /* ReaderThumbCache.m */ = {isa = PBXFileReference; fileEncoding = 4; lastKnownFileType = sourcecode.c.objc; name = ReaderThumbCache.m; path = Reader/ReaderThumbCache.m; sourceTree = SOURCE_ROOT; };
		70B5CAFA1547461B00657EC4 /* ReaderThumbFetch.h */ = {isa = PBXFileReference; fileEncoding = 4; lastKnownFileType = sourcecode.c.h; name = ReaderThumbFetch.h; path = Reader/ReaderThumbFetch.h; sourceTree = SOURCE_ROOT; };
		70B5CAFB1547461B00657EC4 /* ReaderThumbFetch.m */ = {isa = PBXFileReference; fileEncoding = 4; lastKnownFileType = sourcecode.c.objc; name = ReaderThumbFetch.m; path = Reader/ReaderThumbFetch.m; sourceTree = SOURCE_ROOT; };
		70B5CAFC1547461B00657EC4 /* ReaderThumbQueue.h */ = {isa = PBXFileReference; fileEncoding = 4; lastKnownFileType = sourcecode.c.h; name = ReaderThumbQueue.h; path = Reader/ReaderThumbQueue.h; sourceTree = SOURCE_ROOT; };
		70B5CAFD1547461B00657EC4 /* ReaderThumbQueue.m */ = {isa = PBXFileReference; fileEncoding = 4; lastKnownFileType = sourcecode.c.objc; name = ReaderThumbQueue.m; path = Reader/ReaderThumbQueue.m; sourceTree = SOURCE_ROOT; };
		70B5CAFE1547461B00657EC4 /* ReaderThumbRender.h */ = {isa = PBXFileReference; fileEncoding = 4; lastKnownFileType = sourcecode.c.h; name = ReaderThumbRender.h; path = Reader/ReaderThumbRender.h; sourceTree = SOURCE_ROOT; };
		70B5CAFF1547461B00657EC4 /* ReaderThumbRender.m */ = {isa = PBXFileReference; fileEncoding = 4; lastKnownFileType = sourcecode.c.objc; name = ReaderThumbRender.m; path = Reader/ReaderThumbRender.m; sourceTree = SOURCE_ROOT; };
		70B5CB001547461B00657EC4 /* ReaderThumbRequest.h */ = {isa = PBXFileReference; fileEncoding = 4; lastKnownFileType = sourcecode.c.h; name = ReaderThumbRequest.h; path = Reader/ReaderThumbRequest.h; sourceTree = SOURCE_ROOT; };
		70B5CB011547461B00657EC4 /* ReaderThumbRequest.m */ = {isa = PBXFileReference; fileEncoding = 4; lastKnownFileType = sourcecode.c.objc; name = ReaderThumbRequest.m; path = Reader/ReaderThumbRequest.m; sourceTree = SOURCE_ROOT; };
		70B5CB021547461B00657EC4 /* ReaderThumbsView.h */ = {isa = PBXFileReference; fileEncoding = 4; lastKnownFileType = sourcecode.c.h; name = ReaderThumbsView.h; path = Reader/ReaderThumbsView.h; sourceTree = SOURCE_ROOT; };
		70B5CB031547461B00657EC4 /* ReaderThumbsView.m */ = {isa = PBXFileReference; fileEncoding = 4; lastKnownFileType = sourcecode.c.objc; name = ReaderThumbsView.m; path = Reader/ReaderThumbsView.m; sourceTree = SOURCE_ROOT; };
		70B5CB041547461B00657EC4 /* ReaderThumbView.h */ = {isa = PBXFileReference; fileEncoding = 4; lastKnownFileType = sourcecode.c.h; name = ReaderThumbView.h; path = Reader/ReaderThumbView.h; sourceTree = SOURCE_ROOT; };
		70B5CB051547461B00657EC4 /* ReaderThumbView.m */ = {isa = PBXFileReference; fileEncoding = 4; lastKnownFileType = sourcecode.c.objc; name = ReaderThumbView.m; path = Reader/ReaderThumbView.m; sourceTree = SOURCE_ROOT; };
		70B5CB061547461B00657EC4 /* UIXToolbarView.h */ = {isa = PBXFileReference; fileEncoding = 4; lastKnownFileType = sourcecode.c.h; name = UIXToolbarView.h; path = Reader/UIXToolbarView.h; sourceTree = SOURCE_ROOT; };
		70B5CB071547461B00657EC4 /* UIXToolbarView.m */ = {isa = PBXFileReference; fileEncoding = 4; lastKnownFileType = sourcecode.c.objc; name = UIXToolbarView.m; path = Reader/UIXToolbarView.m; sourceTree = SOURCE_ROOT; };
		70B5CB111547467A00657EC4 /* pdf.png */ = {isa = PBXFileReference; lastKnownFileType = image.png; name = pdf.png; path = Graphics/pdf.png; sourceTree = SOURCE_ROOT; };
		70B5CB121547467A00657EC4 /* ppt.png */ = {isa = PBXFileReference; lastKnownFileType = image.png; name = ppt.png; path = Graphics/ppt.png; sourceTree = SOURCE_ROOT; };
		70B5CB131547467A00657EC4 /* Unknown.png */ = {isa = PBXFileReference; lastKnownFileType = image.png; name = Unknown.png; path = Graphics/Unknown.png; sourceTree = SOURCE_ROOT; };
		70B5CB141547467A00657EC4 /* vault.png */ = {isa = PBXFileReference; lastKnownFileType = image.png; name = vault.png; path = Graphics/vault.png; sourceTree = SOURCE_ROOT; };
		70B5CB151547467A00657EC4 /* xls.png */ = {isa = PBXFileReference; lastKnownFileType = image.png; name = xls.png; path = Graphics/xls.png; sourceTree = SOURCE_ROOT; };
		70B5CB1B154746AF00657EC4 /* Reader-Button-H.png */ = {isa = PBXFileReference; lastKnownFileType = image.png; name = "Reader-Button-H.png"; path = "Graphics/Reader-Button-H.png"; sourceTree = SOURCE_ROOT; };
		70B5CB1C154746AF00657EC4 /* Reader-Button-H@2x.png */ = {isa = PBXFileReference; lastKnownFileType = image.png; name = "Reader-Button-H@2x.png"; path = "Graphics/Reader-Button-H@2x.png"; sourceTree = SOURCE_ROOT; };
		70B5CB1D154746AF00657EC4 /* Reader-Button-N.png */ = {isa = PBXFileReference; lastKnownFileType = image.png; name = "Reader-Button-N.png"; path = "Graphics/Reader-Button-N.png"; sourceTree = SOURCE_ROOT; };
		70B5CB1E154746AF00657EC4 /* Reader-Button-N@2x.png */ = {isa = PBXFileReference; lastKnownFileType = image.png; name = "Reader-Button-N@2x.png"; path = "Graphics/Reader-Button-N@2x.png"; sourceTree = SOURCE_ROOT; };
		70B5CB1F154746AF00657EC4 /* Reader-Email.png */ = {isa = PBXFileReference; lastKnownFileType = image.png; name = "Reader-Email.png"; path = "Graphics/Reader-Email.png"; sourceTree = SOURCE_ROOT; };
		70B5CB20154746AF00657EC4 /* Reader-Email@2x.png */ = {isa = PBXFileReference; lastKnownFileType = image.png; name = "Reader-Email@2x.png"; path = "Graphics/Reader-Email@2x.png"; sourceTree = SOURCE_ROOT; };
		70B5CB21154746AF00657EC4 /* Reader-Mark-N.png */ = {isa = PBXFileReference; lastKnownFileType = image.png; name = "Reader-Mark-N.png"; path = "Graphics/Reader-Mark-N.png"; sourceTree = SOURCE_ROOT; };
		70B5CB22154746AF00657EC4 /* Reader-Mark-N@2x.png */ = {isa = PBXFileReference; lastKnownFileType = image.png; name = "Reader-Mark-N@2x.png"; path = "Graphics/Reader-Mark-N@2x.png"; sourceTree = SOURCE_ROOT; };
		70B5CB23154746AF00657EC4 /* Reader-Mark-Y.png */ = {isa = PBXFileReference; lastKnownFileType = image.png; name = "Reader-Mark-Y.png"; path = "Graphics/Reader-Mark-Y.png"; sourceTree = SOURCE_ROOT; };
		70B5CB24154746AF00657EC4 /* Reader-Mark-Y@2x.png */ = {isa = PBXFileReference; lastKnownFileType = image.png; name = "Reader-Mark-Y@2x.png"; path = "Graphics/Reader-Mark-Y@2x.png"; sourceTree = SOURCE_ROOT; };
		70B5CB25154746AF00657EC4 /* Reader-Print.png */ = {isa = PBXFileReference; lastKnownFileType = image.png; name = "Reader-Print.png"; path = "Graphics/Reader-Print.png"; sourceTree = SOURCE_ROOT; };
		70B5CB26154746AF00657EC4 /* Reader-Print@2x.png */ = {isa = PBXFileReference; lastKnownFileType = image.png; name = "Reader-Print@2x.png"; path = "Graphics/Reader-Print@2x.png"; sourceTree = SOURCE_ROOT; };
		70B5CB27154746AF00657EC4 /* Reader-Thumbs.png */ = {isa = PBXFileReference; lastKnownFileType = image.png; name = "Reader-Thumbs.png"; path = "Graphics/Reader-Thumbs.png"; sourceTree = SOURCE_ROOT; };
		70B5CB28154746AF00657EC4 /* Reader-Thumbs@2x.png */ = {isa = PBXFileReference; lastKnownFileType = image.png; name = "Reader-Thumbs@2x.png"; path = "Graphics/Reader-Thumbs@2x.png"; sourceTree = SOURCE_ROOT; };
		70B5CB37154748AB00657EC4 /* Doc.png */ = {isa = PBXFileReference; lastKnownFileType = image.png; name = Doc.png; path = Graphics/Doc.png; sourceTree = SOURCE_ROOT; };
		70B5CB38154748AB00657EC4 /* Key.png */ = {isa = PBXFileReference; lastKnownFileType = image.png; name = Key.png; path = Graphics/Key.png; sourceTree = SOURCE_ROOT; };
		70B5CB39154748AB00657EC4 /* sortDown.png */ = {isa = PBXFileReference; lastKnownFileType = image.png; name = sortDown.png; path = Graphics/sortDown.png; sourceTree = SOURCE_ROOT; };
		70B5CB3A154748AB00657EC4 /* sortUp.png */ = {isa = PBXFileReference; lastKnownFileType = image.png; name = sortUp.png; path = Graphics/sortUp.png; sourceTree = SOURCE_ROOT; };
		70B5CB4B1547497F00657EC4 /* Reader-Gear.png */ = {isa = PBXFileReference; lastKnownFileType = image.png; name = "Reader-Gear.png"; path = "Graphics/Reader-Gear.png"; sourceTree = SOURCE_ROOT; };
		70B5CB4C1547497F00657EC4 /* Reader-Gear@2x.png */ = {isa = PBXFileReference; lastKnownFileType = image.png; name = "Reader-Gear@2x.png"; path = "Graphics/Reader-Gear@2x.png"; sourceTree = SOURCE_ROOT; };
		70BEACEE153C0C3000EED0C6 /* ImageIO.framework */ = {isa = PBXFileReference; lastKnownFileType = wrapper.framework; name = ImageIO.framework; path = System/Library/Frameworks/ImageIO.framework; sourceTree = SDKROOT; };
		70BEACF0153C0C4500EED0C6 /* QuartzCore.framework */ = {isa = PBXFileReference; lastKnownFileType = wrapper.framework; name = QuartzCore.framework; path = System/Library/Frameworks/QuartzCore.framework; sourceTree = SDKROOT; };
		70BEACF2153C0C5800EED0C6 /* MessageUI.framework */ = {isa = PBXFileReference; lastKnownFileType = wrapper.framework; name = MessageUI.framework; path = System/Library/Frameworks/MessageUI.framework; sourceTree = SDKROOT; };
		70F164AF14A3D8D400532A35 /* Vault.app */ = {isa = PBXFileReference; explicitFileType = wrapper.application; includeInIndex = 0; path = Vault.app; sourceTree = BUILT_PRODUCTS_DIR; };
		70F164B314A3D8D400532A35 /* UIKit.framework */ = {isa = PBXFileReference; lastKnownFileType = wrapper.framework; name = UIKit.framework; path = System/Library/Frameworks/UIKit.framework; sourceTree = SDKROOT; };
		70F164B514A3D8D400532A35 /* Foundation.framework */ = {isa = PBXFileReference; lastKnownFileType = wrapper.framework; name = Foundation.framework; path = System/Library/Frameworks/Foundation.framework; sourceTree = SDKROOT; };
		70F164B714A3D8D400532A35 /* CoreGraphics.framework */ = {isa = PBXFileReference; lastKnownFileType = wrapper.framework; name = CoreGraphics.framework; path = System/Library/Frameworks/CoreGraphics.framework; sourceTree = SDKROOT; };
		70F164DB14A3D8D400532A35 /* VaultTests.octest */ = {isa = PBXFileReference; explicitFileType = wrapper.cfbundle; includeInIndex = 0; path = VaultTests.octest; sourceTree = BUILT_PRODUCTS_DIR; };
		70F164DC14A3D8D400532A35 /* SenTestingKit.framework */ = {isa = PBXFileReference; lastKnownFileType = wrapper.framework; name = SenTestingKit.framework; path = Library/Frameworks/SenTestingKit.framework; sourceTree = DEVELOPER_DIR; };
		70F164E414A3D8D400532A35 /* VaultTests-Info.plist */ = {isa = PBXFileReference; lastKnownFileType = text.plist.xml; path = "VaultTests-Info.plist"; sourceTree = "<group>"; };
		70F164E614A3D8D400532A35 /* en */ = {isa = PBXFileReference; lastKnownFileType = text.plist.strings; name = en; path = en.lproj/InfoPlist.strings; sourceTree = "<group>"; };
		70F164E814A3D8D400532A35 /* VaultTests.h */ = {isa = PBXFileReference; lastKnownFileType = sourcecode.c.h; path = VaultTests.h; sourceTree = "<group>"; };
		70F164E914A3D8D400532A35 /* VaultTests.m */ = {isa = PBXFileReference; lastKnownFileType = sourcecode.c.objc; path = VaultTests.m; sourceTree = "<group>"; };
/* End PBXFileReference section */

/* Begin PBXFrameworksBuildPhase section */
		70F164AC14A3D8D400532A35 /* Frameworks */ = {
			isa = PBXFrameworksBuildPhase;
			buildActionMask = 2147483647;
			files = (
				70BEACF3153C0C5800EED0C6 /* MessageUI.framework in Frameworks */,
				70BEACF1153C0C4500EED0C6 /* QuartzCore.framework in Frameworks */,
				70BEACEF153C0C3000EED0C6 /* ImageIO.framework in Frameworks */,
				708D003414D1F80500C91AC6 /* libRestKit.a in Frameworks */,
				704AD61B14BF8B1D0088E76B /* CFNetwork.framework in Frameworks */,
				704AD61C14BF8B1D0088E76B /* CoreData.framework in Frameworks */,
				704AD61D14BF8B1D0088E76B /* libxml2.dylib in Frameworks */,
				704AD61E14BF8B1D0088E76B /* MobileCoreServices.framework in Frameworks */,
				704AD61F14BF8B1D0088E76B /* Security.framework in Frameworks */,
				704AD62014BF8B1D0088E76B /* SystemConfiguration.framework in Frameworks */,
				70F164B414A3D8D400532A35 /* UIKit.framework in Frameworks */,
				70F164B614A3D8D400532A35 /* Foundation.framework in Frameworks */,
				70F164B814A3D8D400532A35 /* CoreGraphics.framework in Frameworks */,
			);
			runOnlyForDeploymentPostprocessing = 0;
		};
		70F164D714A3D8D400532A35 /* Frameworks */ = {
			isa = PBXFrameworksBuildPhase;
			buildActionMask = 2147483647;
			files = (
				70F164DD14A3D8D400532A35 /* SenTestingKit.framework in Frameworks */,
				70F164DE14A3D8D400532A35 /* UIKit.framework in Frameworks */,
				70F164DF14A3D8D400532A35 /* Foundation.framework in Frameworks */,
			);
			runOnlyForDeploymentPostprocessing = 0;
		};
/* End PBXFrameworksBuildPhase section */

/* Begin PBXGroup section */
		7010CCA614CF3D16009FFABD /* RemoteObjects */ = {
			isa = PBXGroup;
			children = (
				70B5CAC8154744EE00657EC4 /* AuthUserDetail.h */,
				70B5CAC9154744EE00657EC4 /* AuthUserDetail.m */,
				70B5CACA154744EE00657EC4 /* Document.h */,
				70B5CACB154744EE00657EC4 /* Document.m */,
				70B5CACC154744EE00657EC4 /* SessionTest.h */,
				70B5CACD154744EE00657EC4 /* SessionTest.m */,
				70B5CACE154744EE00657EC4 /* VaultUser.h */,
				70B5CACF154744EE00657EC4 /* VaultUser.m */,
			);
			name = RemoteObjects;
			path = Vault;
			sourceTree = "<group>";
		};
		706500711500156000A3A5FB /* Subclasses */ = {
			isa = PBXGroup;
			children = (
				70B5CABF154744C700657EC4 /* DocumentsView.h */,
				70B5CAC0154744C700657EC4 /* DocumentsView.m */,
				70B5CAC1154744C700657EC4 /* PropertiesViewController.h */,
				70B5CAC2154744C700657EC4 /* PropertiesViewController.m */,
				70B5CAC3154744C700657EC4 /* TableView.h */,
				70B5CAC4154744C700657EC4 /* TableView.m */,
			);
			name = Subclasses;
			path = Vault;
			sourceTree = "<group>";
		};
		7086DA0A1546636500C2B4B5 /* Reader */ = {
			isa = PBXGroup;
			children = (
				7086DA0B1546637500C2B4B5 /* Sources */,
				7086DA0C1546639C00C2B4B5 /* Support */,
			);
			name = Reader;
			path = Vault;
			sourceTree = "<group>";
		};
		7086DA0B1546637500C2B4B5 /* Sources */ = {
			isa = PBXGroup;
			children = (
				70B5CAD81547457700657EC4 /* ReaderConstants.h */,
				70B5CAD91547457700657EC4 /* ReaderConstants.m */,
				70B5CADA1547457700657EC4 /* ReaderContentPage.h */,
				70B5CADB1547457700657EC4 /* ReaderContentPage.m */,
				70B5CADC1547457700657EC4 /* ReaderContentTile.h */,
				70B5CADD1547457700657EC4 /* ReaderContentTile.m */,
				70B5CADE1547457700657EC4 /* ReaderContentView.h */,
				70B5CADF1547457700657EC4 /* ReaderContentView.m */,
				70B5CAE01547457700657EC4 /* ReaderDocument.h */,
				70B5CAE11547457700657EC4 /* ReaderDocument.m */,
				70B5CAE21547457700657EC4 /* ReaderMainPagebar.h */,
				70B5CAE31547457700657EC4 /* ReaderMainPagebar.m */,
				70B5CAE41547457700657EC4 /* ReaderMainToolbar.h */,
				70B5CAE51547457700657EC4 /* ReaderMainToolbar.m */,
				70B5CAE61547457700657EC4 /* ReaderViewController.h */,
				70B5CAE71547457700657EC4 /* ReaderViewController.m */,
				70B5CAE81547457700657EC4 /* ThumbsMainToolbar.h */,
				70B5CAE91547457700657EC4 /* ThumbsMainToolbar.m */,
				70B5CAEA1547457700657EC4 /* ThumbsViewController.h */,
				70B5CAEB1547457700657EC4 /* ThumbsViewController.m */,
			);
			name = Sources;
			sourceTree = "<group>";
		};
		7086DA0C1546639C00C2B4B5 /* Support */ = {
			isa = PBXGroup;
			children = (
				70B5CAF61547461B00657EC4 /* CGPDFDocument.h */,
				70B5CAF71547461B00657EC4 /* CGPDFDocument.m */,
				70B5CAF81547461B00657EC4 /* ReaderThumbCache.h */,
				70B5CAF91547461B00657EC4 /* ReaderThumbCache.m */,
				70B5CAFA1547461B00657EC4 /* ReaderThumbFetch.h */,
				70B5CAFB1547461B00657EC4 /* ReaderThumbFetch.m */,
				70B5CAFC1547461B00657EC4 /* ReaderThumbQueue.h */,
				70B5CAFD1547461B00657EC4 /* ReaderThumbQueue.m */,
				70B5CAFE1547461B00657EC4 /* ReaderThumbRender.h */,
				70B5CAFF1547461B00657EC4 /* ReaderThumbRender.m */,
				70B5CB001547461B00657EC4 /* ReaderThumbRequest.h */,
				70B5CB011547461B00657EC4 /* ReaderThumbRequest.m */,
				70B5CB021547461B00657EC4 /* ReaderThumbsView.h */,
				70B5CB031547461B00657EC4 /* ReaderThumbsView.m */,
				70B5CB041547461B00657EC4 /* ReaderThumbView.h */,
				70B5CB051547461B00657EC4 /* ReaderThumbView.m */,
				70B5CB061547461B00657EC4 /* UIXToolbarView.h */,
				70B5CB071547461B00657EC4 /* UIXToolbarView.m */,
			);
			name = Support;
			sourceTree = "<group>";
		};
		7086DA0D15468D7B00C2B4B5 /* Resources */ = {
			isa = PBXGroup;
			children = (
				70B5CA9F1547445600657EC4 /* main.m */,
				70B5CAA41547447400657EC4 /* InfoPlist.strings */,
				70B5CAA61547447400657EC4 /* MainStoryboard.storyboard */,
				70B5CAA01547445600657EC4 /* Vault-Info.plist */,
				70B5CAA11547445600657EC4 /* Vault-Prefix.pch */,
			);
			name = Resources;
			path = Vault;
			sourceTree = "<group>";
		};
		708D000714D1F2CD00C91AC6 /* Products */ = {
			isa = PBXGroup;
			children = (
				708D001114D1F2CD00C91AC6 /* libRestKit.a */,
				708D001314D1F2CD00C91AC6 /* RestKitTests.octest */,
				708D001514D1F2CD00C91AC6 /* RestKit.framework */,
				708D001714D1F2CD00C91AC6 /* RestKitFrameworkTests.octest */,
			);
			name = Products;
			sourceTree = "<group>";
		};
		70BEAD19153E085100EED0C6 /* Reader */ = {
			isa = PBXGroup;
			children = (
				70B5CB1B154746AF00657EC4 /* Reader-Button-H.png */,
				70B5CB1C154746AF00657EC4 /* Reader-Button-H@2x.png */,
				70B5CB1D154746AF00657EC4 /* Reader-Button-N.png */,
				70B5CB1E154746AF00657EC4 /* Reader-Button-N@2x.png */,
				70B5CB1F154746AF00657EC4 /* Reader-Email.png */,
				70B5CB20154746AF00657EC4 /* Reader-Email@2x.png */,
				70B5CB4B1547497F00657EC4 /* Reader-Gear.png */,
				70B5CB4C1547497F00657EC4 /* Reader-Gear@2x.png */,
				70B5CB21154746AF00657EC4 /* Reader-Mark-N.png */,
				70B5CB22154746AF00657EC4 /* Reader-Mark-N@2x.png */,
				70B5CB23154746AF00657EC4 /* Reader-Mark-Y.png */,
				70B5CB24154746AF00657EC4 /* Reader-Mark-Y@2x.png */,
				70B5CB25154746AF00657EC4 /* Reader-Print.png */,
				70B5CB26154746AF00657EC4 /* Reader-Print@2x.png */,
				70B5CB27154746AF00657EC4 /* Reader-Thumbs.png */,
				70B5CB28154746AF00657EC4 /* Reader-Thumbs@2x.png */,
			);
			name = Reader;
			sourceTree = "<group>";
		};
		70BEAD28153E0B1A00EED0C6 /* Classes */ = {
			isa = PBXGroup;
			children = (
				70B5CAAA154744A900657EC4 /* AppDelegate.h */,
				70B5CAAB154744A900657EC4 /* AppDelegate.m */,
				70B5CAAC154744A900657EC4 /* FirstViewController.h */,
				70B5CAAD154744A900657EC4 /* FirstViewController.m */,
				70B5CAAE154744A900657EC4 /* FourthViewController.h */,
				70B5CAAF154744A900657EC4 /* FourthViewController.m */,
				70B5CAB0154744A900657EC4 /* LoginViewController.h */,
				70B5CAB1154744A900657EC4 /* LoginViewController.m */,
				70B5CAB2154744A900657EC4 /* LogoutViewController.h */,
				70B5CAB3154744A900657EC4 /* LogoutViewController.m */,
				70B5CAB4154744A900657EC4 /* SecondViewController.h */,
				70B5CAB5154744A900657EC4 /* SecondViewController.m */,
				70B5CAB6154744A900657EC4 /* ThirdViewController.h */,
				70B5CAB7154744A900657EC4 /* ThirdViewController.m */,
			);
			name = Classes;
			path = Vault;
			sourceTree = "<group>";
		};
		70E311D2153E73A500E2D739 /* Vault */ = {
			isa = PBXGroup;
			children = (
				70240FCF15469495001102E4 /* Folder.png */,
				70240FD11546949E001102E4 /* Folder@2x.png */,
				70B5CB37154748AB00657EC4 /* Doc.png */,
				70B5CB38154748AB00657EC4 /* Key.png */,
				70B5CB39154748AB00657EC4 /* sortDown.png */,
				70B5CB3A154748AB00657EC4 /* sortUp.png */,
				70240FDD154698AA001102E4 /* My-Tasks.png */,
				70240FEB15469959001102E4 /* My-Tasks@2x.png */,
				70240FD715469677001102E4 /* Collaborators.png */,
				70240FD915469734001102E4 /* Collaborators@2x.png */,
				70240FD3154694A6001102E4 /* Key@2x.png */,
				70240FED154699DD001102E4 /* sortUp@2x.png */,
				70240FF115469CFF001102E4 /* Unknown.png */,
				70240FEF154699EB001102E4 /* sortDown@2x.png */,
				70B5CB111547467A00657EC4 /* pdf.png */,
				70B5CB121547467A00657EC4 /* ppt.png */,
				70B5CB131547467A00657EC4 /* Unknown.png */,
				70B5CB141547467A00657EC4 /* vault.png */,
				70B5CB151547467A00657EC4 /* xls.png */,
			);
			name = Vault;
			sourceTree = "<group>";
		};
		70F164A414A3D8D400532A35 = {
			isa = PBXGroup;
			children = (
				708D000614D1F2CD00C91AC6 /* RestKit.xcodeproj */,
				70BEAD28153E0B1A00EED0C6 /* Classes */,
				706500711500156000A3A5FB /* Subclasses */,
				7010CCA614CF3D16009FFABD /* RemoteObjects */,
				7086DA0A1546636500C2B4B5 /* Reader */,
				70F164BA14A3D8D400532A35 /* Support */,
				7086DA0D15468D7B00C2B4B5 /* Resources */,
				70F164FD14A3E5F700532A35 /* Graphics */,
				70F164E214A3D8D400532A35 /* VaultTests */,
				70F164B214A3D8D400532A35 /* Frameworks */,
				70F164B014A3D8D400532A35 /* Products */,
			);
			sourceTree = "<group>";
		};
		70F164B014A3D8D400532A35 /* Products */ = {
			isa = PBXGroup;
			children = (
				70F164AF14A3D8D400532A35 /* Vault.app */,
				70F164DB14A3D8D400532A35 /* VaultTests.octest */,
			);
			name = Products;
			sourceTree = "<group>";
		};
		70F164B214A3D8D400532A35 /* Frameworks */ = {
			isa = PBXGroup;
			children = (
				70BEACF2153C0C5800EED0C6 /* MessageUI.framework */,
				70BEACF0153C0C4500EED0C6 /* QuartzCore.framework */,
				70BEACEE153C0C3000EED0C6 /* ImageIO.framework */,
				704AD61714BF8B1D0088E76B /* libxml2.dylib */,
				70F164B314A3D8D400532A35 /* UIKit.framework */,
				704AD61514BF8B1D0088E76B /* CFNetwork.framework */,
				704AD61614BF8B1D0088E76B /* CoreData.framework */,
				70F164B714A3D8D400532A35 /* CoreGraphics.framework */,
				70F164DC14A3D8D400532A35 /* SenTestingKit.framework */,
				70F164B514A3D8D400532A35 /* Foundation.framework */,
				704AD61814BF8B1D0088E76B /* MobileCoreServices.framework */,
				704AD61914BF8B1D0088E76B /* Security.framework */,
				704AD61A14BF8B1D0088E76B /* SystemConfiguration.framework */,
			);
			name = Frameworks;
			sourceTree = "<group>";
		};
		70F164BA14A3D8D400532A35 /* Support */ = {
			isa = PBXGroup;
			children = (
				70B5CAD41547450500657EC4 /* Constants.h */,
				70B5CAD51547450500657EC4 /* KeychainItemWrapper.h */,
				70B5CAD61547450500657EC4 /* KeychainItemWrapper.m */,
			);
			name = Support;
			path = Vault;
			sourceTree = "<group>";
		};
		70F164E214A3D8D400532A35 /* VaultTests */ = {
			isa = PBXGroup;
			children = (
				70F164E814A3D8D400532A35 /* VaultTests.h */,
				70F164E914A3D8D400532A35 /* VaultTests.m */,
				70F164E314A3D8D400532A35 /* Supporting Files */,
			);
			path = VaultTests;
			sourceTree = "<group>";
		};
		70F164E314A3D8D400532A35 /* Supporting Files */ = {
			isa = PBXGroup;
			children = (
				70F164E414A3D8D400532A35 /* VaultTests-Info.plist */,
				70F164E514A3D8D400532A35 /* InfoPlist.strings */,
			);
			name = "Supporting Files";
			sourceTree = "<group>";
		};
		70F164FD14A3E5F700532A35 /* Graphics */ = {
			isa = PBXGroup;
			children = (
				70E311D2153E73A500E2D739 /* Vault */,
				70BEAD19153E085100EED0C6 /* Reader */,
				7086D9FA1545DD3300C2B4B5 /* VaultIcon-072.png */,
				7086D9FC1545DD3D00C2B4B5 /* VaultIcon-144.png */,
			);
			name = Graphics;
			path = Vault;
			sourceTree = "<group>";
		};
/* End PBXGroup section */

/* Begin PBXNativeTarget section */
		70F164AE14A3D8D400532A35 /* Vault */ = {
			isa = PBXNativeTarget;
			buildConfigurationList = 70F164ED14A3D8D400532A35 /* Build configuration list for PBXNativeTarget "Vault" */;
			buildPhases = (
				70F164AB14A3D8D400532A35 /* Sources */,
				70F164AC14A3D8D400532A35 /* Frameworks */,
				70F164AD14A3D8D400532A35 /* Resources */,
			);
			buildRules = (
			);
			dependencies = (
				708D003314D1F7EE00C91AC6 /* PBXTargetDependency */,
			);
			name = Vault;
			productName = Vault;
			productReference = 70F164AF14A3D8D400532A35 /* Vault.app */;
			productType = "com.apple.product-type.application";
		};
		70F164DA14A3D8D400532A35 /* VaultTests */ = {
			isa = PBXNativeTarget;
			buildConfigurationList = 70F164F014A3D8D400532A35 /* Build configuration list for PBXNativeTarget "VaultTests" */;
			buildPhases = (
				70F164D614A3D8D400532A35 /* Sources */,
				70F164D714A3D8D400532A35 /* Frameworks */,
				70F164D814A3D8D400532A35 /* Resources */,
				70F164D914A3D8D400532A35 /* ShellScript */,
			);
			buildRules = (
			);
			dependencies = (
				70F164E114A3D8D400532A35 /* PBXTargetDependency */,
			);
			name = VaultTests;
			productName = VaultTests;
			productReference = 70F164DB14A3D8D400532A35 /* VaultTests.octest */;
			productType = "com.apple.product-type.bundle";
		};
/* End PBXNativeTarget section */

/* Begin PBXProject section */
		70F164A614A3D8D400532A35 /* Project object */ = {
			isa = PBXProject;
			attributes = {
				LastUpgradeCheck = 0420;
				ORGANIZATIONNAME = "Issaquah High School";
			};
			buildConfigurationList = 70F164A914A3D8D400532A35 /* Build configuration list for PBXProject "Vault" */;
			compatibilityVersion = "Xcode 3.2";
			developmentRegion = English;
			hasScannedForEncodings = 0;
			knownRegions = (
				en,
			);
			mainGroup = 70F164A414A3D8D400532A35;
			productRefGroup = 70F164B014A3D8D400532A35 /* Products */;
			projectDirPath = "";
			projectReferences = (
				{
					ProductGroup = 708D000714D1F2CD00C91AC6 /* Products */;
					ProjectRef = 708D000614D1F2CD00C91AC6 /* RestKit.xcodeproj */;
				},
			);
			projectRoot = "";
			targets = (
				70F164AE14A3D8D400532A35 /* Vault */,
				70F164DA14A3D8D400532A35 /* VaultTests */,
			);
		};
/* End PBXProject section */

/* Begin PBXReferenceProxy section */
		708D001114D1F2CD00C91AC6 /* libRestKit.a */ = {
			isa = PBXReferenceProxy;
			fileType = archive.ar;
			path = libRestKit.a;
			remoteRef = 708D001014D1F2CD00C91AC6 /* PBXContainerItemProxy */;
			sourceTree = BUILT_PRODUCTS_DIR;
		};
		708D001314D1F2CD00C91AC6 /* RestKitTests.octest */ = {
			isa = PBXReferenceProxy;
			fileType = wrapper.cfbundle;
			path = RestKitTests.octest;
			remoteRef = 708D001214D1F2CD00C91AC6 /* PBXContainerItemProxy */;
			sourceTree = BUILT_PRODUCTS_DIR;
		};
		708D001514D1F2CD00C91AC6 /* RestKit.framework */ = {
			isa = PBXReferenceProxy;
			fileType = wrapper.framework;
			path = RestKit.framework;
			remoteRef = 708D001414D1F2CD00C91AC6 /* PBXContainerItemProxy */;
			sourceTree = BUILT_PRODUCTS_DIR;
		};
		708D001714D1F2CD00C91AC6 /* RestKitFrameworkTests.octest */ = {
			isa = PBXReferenceProxy;
			fileType = wrapper.cfbundle;
			path = RestKitFrameworkTests.octest;
			remoteRef = 708D001614D1F2CD00C91AC6 /* PBXContainerItemProxy */;
			sourceTree = BUILT_PRODUCTS_DIR;
		};
/* End PBXReferenceProxy section */

/* Begin PBXResourcesBuildPhase section */
		70F164AD14A3D8D400532A35 /* Resources */ = {
			isa = PBXResourcesBuildPhase;
			buildActionMask = 2147483647;
			files = (
				7086D9FB1545DD3300C2B4B5 /* VaultIcon-072.png in Resources */,
				7086D9FD1545DD3D00C2B4B5 /* VaultIcon-144.png in Resources */,
				70240FD015469495001102E4 /* Folder.png in Resources */,
				70240FD21546949E001102E4 /* Folder@2x.png in Resources */,
				70240FD4154694A6001102E4 /* Key@2x.png in Resources */,
				70240FD815469677001102E4 /* Collaborators.png in Resources */,
				70240FDA15469734001102E4 /* Collaborators@2x.png in Resources */,
				70240FDE154698AA001102E4 /* My-Tasks.png in Resources */,
				70240FEC15469959001102E4 /* My-Tasks@2x.png in Resources */,
				70240FEE154699DD001102E4 /* sortUp@2x.png in Resources */,
				70240FF0154699EB001102E4 /* sortDown@2x.png in Resources */,
				70240FF215469CFF001102E4 /* Unknown.png in Resources */,
				70B5CAA31547445600657EC4 /* Vault-Info.plist in Resources */,
				70B5CAA81547447400657EC4 /* InfoPlist.strings in Resources */,
				70B5CAA91547447400657EC4 /* MainStoryboard.storyboard in Resources */,
				70B5CB161547467A00657EC4 /* pdf.png in Resources */,
				70B5CB171547467A00657EC4 /* ppt.png in Resources */,
				70B5CB181547467A00657EC4 /* Unknown.png in Resources */,
				70B5CB191547467A00657EC4 /* vault.png in Resources */,
				70B5CB1A1547467A00657EC4 /* xls.png in Resources */,
				70B5CB29154746AF00657EC4 /* Reader-Button-H.png in Resources */,
				70B5CB2A154746AF00657EC4 /* Reader-Button-H@2x.png in Resources */,
				70B5CB2B154746AF00657EC4 /* Reader-Button-N.png in Resources */,
				70B5CB2C154746AF00657EC4 /* Reader-Button-N@2x.png in Resources */,
				70B5CB2D154746AF00657EC4 /* Reader-Email.png in Resources */,
				70B5CB2E154746AF00657EC4 /* Reader-Email@2x.png in Resources */,
				70B5CB2F154746AF00657EC4 /* Reader-Mark-N.png in Resources */,
				70B5CB30154746AF00657EC4 /* Reader-Mark-N@2x.png in Resources */,
				70B5CB31154746AF00657EC4 /* Reader-Mark-Y.png in Resources */,
				70B5CB32154746AF00657EC4 /* Reader-Mark-Y@2x.png in Resources */,
				70B5CB33154746AF00657EC4 /* Reader-Print.png in Resources */,
				70B5CB34154746AF00657EC4 /* Reader-Print@2x.png in Resources */,
				70B5CB35154746AF00657EC4 /* Reader-Thumbs.png in Resources */,
				70B5CB36154746AF00657EC4 /* Reader-Thumbs@2x.png in Resources */,
				70B5CB3B154748AB00657EC4 /* Doc.png in Resources */,
				70B5CB3C154748AB00657EC4 /* Key.png in Resources */,
				70B5CB3D154748AB00657EC4 /* sortDown.png in Resources */,
				70B5CB3E154748AB00657EC4 /* sortUp.png in Resources */,
				70B5CB4D1547497F00657EC4 /* Reader-Gear.png in Resources */,
				70B5CB4E1547497F00657EC4 /* Reader-Gear@2x.png in Resources */,
			);
			runOnlyForDeploymentPostprocessing = 0;
		};
		70F164D814A3D8D400532A35 /* Resources */ = {
			isa = PBXResourcesBuildPhase;
			buildActionMask = 2147483647;
			files = (
				70F164E714A3D8D400532A35 /* InfoPlist.strings in Resources */,
			);
			runOnlyForDeploymentPostprocessing = 0;
		};
/* End PBXResourcesBuildPhase section */

/* Begin PBXShellScriptBuildPhase section */
		70F164D914A3D8D400532A35 /* ShellScript */ = {
			isa = PBXShellScriptBuildPhase;
			buildActionMask = 2147483647;
			files = (
			);
			inputPaths = (
			);
			outputPaths = (
			);
			runOnlyForDeploymentPostprocessing = 0;
			shellPath = /bin/sh;
			shellScript = "# Run the unit tests in this test bundle.\n\"${SYSTEM_DEVELOPER_DIR}/Tools/RunUnitTests\"\n";
		};
/* End PBXShellScriptBuildPhase section */

/* Begin PBXSourcesBuildPhase section */
		70F164AB14A3D8D400532A35 /* Sources */ = {
			isa = PBXSourcesBuildPhase;
			buildActionMask = 2147483647;
			files = (
				70B5CAA21547445600657EC4 /* main.m in Sources */,
				70B5CAB8154744A900657EC4 /* AppDelegate.m in Sources */,
				70B5CAB9154744A900657EC4 /* FirstViewController.m in Sources */,
				70B5CABA154744A900657EC4 /* FourthViewController.m in Sources */,
				70B5CABB154744A900657EC4 /* LoginViewController.m in Sources */,
				70B5CABC154744A900657EC4 /* LogoutViewController.m in Sources */,
				70B5CABD154744A900657EC4 /* SecondViewController.m in Sources */,
				70B5CABE154744A900657EC4 /* ThirdViewController.m in Sources */,
				70B5CAC5154744C700657EC4 /* DocumentsView.m in Sources */,
				70B5CAC6154744C700657EC4 /* PropertiesViewController.m in Sources */,
				70B5CAC7154744C700657EC4 /* TableView.m in Sources */,
				70B5CAD0154744EE00657EC4 /* AuthUserDetail.m in Sources */,
				70B5CAD1154744EE00657EC4 /* Document.m in Sources */,
				70B5CAD2154744EE00657EC4 /* SessionTest.m in Sources */,
				70B5CAD3154744EE00657EC4 /* VaultUser.m in Sources */,
				70B5CAD71547450500657EC4 /* KeychainItemWrapper.m in Sources */,
				70B5CAEC1547457700657EC4 /* ReaderConstants.m in Sources */,
				70B5CAED1547457700657EC4 /* ReaderContentPage.m in Sources */,
				70B5CAEE1547457700657EC4 /* ReaderContentTile.m in Sources */,
				70B5CAEF1547457700657EC4 /* ReaderContentView.m in Sources */,
				70B5CAF01547457700657EC4 /* ReaderDocument.m in Sources */,
				70B5CAF11547457700657EC4 /* ReaderMainPagebar.m in Sources */,
				70B5CAF21547457700657EC4 /* ReaderMainToolbar.m in Sources */,
				70B5CAF31547457700657EC4 /* ReaderViewController.m in Sources */,
				70B5CAF41547457700657EC4 /* ThumbsMainToolbar.m in Sources */,
				70B5CAF51547457700657EC4 /* ThumbsViewController.m in Sources */,
				70B5CB081547461B00657EC4 /* CGPDFDocument.m in Sources */,
				70B5CB091547461B00657EC4 /* ReaderThumbCache.m in Sources */,
				70B5CB0A1547461B00657EC4 /* ReaderThumbFetch.m in Sources */,
				70B5CB0B1547461B00657EC4 /* ReaderThumbQueue.m in Sources */,
				70B5CB0C1547461B00657EC4 /* ReaderThumbRender.m in Sources */,
				70B5CB0D1547461B00657EC4 /* ReaderThumbRequest.m in Sources */,
				70B5CB0E1547461B00657EC4 /* ReaderThumbsView.m in Sources */,
				70B5CB0F1547461B00657EC4 /* ReaderThumbView.m in Sources */,
				70B5CB101547461B00657EC4 /* UIXToolbarView.m in Sources */,
			);
			runOnlyForDeploymentPostprocessing = 0;
		};
		70F164D614A3D8D400532A35 /* Sources */ = {
			isa = PBXSourcesBuildPhase;
			buildActionMask = 2147483647;
			files = (
				70F164EA14A3D8D400532A35 /* VaultTests.m in Sources */,
			);
			runOnlyForDeploymentPostprocessing = 0;
		};
/* End PBXSourcesBuildPhase section */

/* Begin PBXTargetDependency section */
		708D003314D1F7EE00C91AC6 /* PBXTargetDependency */ = {
			isa = PBXTargetDependency;
			name = RestKit;
			targetProxy = 708D003214D1F7EE00C91AC6 /* PBXContainerItemProxy */;
		};
		70F164E114A3D8D400532A35 /* PBXTargetDependency */ = {
			isa = PBXTargetDependency;
			target = 70F164AE14A3D8D400532A35 /* Vault */;
			targetProxy = 70F164E014A3D8D400532A35 /* PBXContainerItemProxy */;
		};
/* End PBXTargetDependency section */

/* Begin PBXVariantGroup section */
		70B5CAA41547447400657EC4 /* InfoPlist.strings */ = {
			isa = PBXVariantGroup;
			children = (
				70B5CAA51547447400657EC4 /* en */,
			);
			name = InfoPlist.strings;
			sourceTree = "<group>";
		};
		70B5CAA61547447400657EC4 /* MainStoryboard.storyboard */ = {
			isa = PBXVariantGroup;
			children = (
				70B5CAA71547447400657EC4 /* en */,
			);
			name = MainStoryboard.storyboard;
			sourceTree = "<group>";
		};
		70F164E514A3D8D400532A35 /* InfoPlist.strings */ = {
			isa = PBXVariantGroup;
			children = (
				70F164E614A3D8D400532A35 /* en */,
			);
			name = InfoPlist.strings;
			sourceTree = "<group>";
		};
/* End PBXVariantGroup section */

/* Begin XCBuildConfiguration section */
		70F164EB14A3D8D400532A35 /* Debug */ = {
			isa = XCBuildConfiguration;
			buildSettings = {
				ALWAYS_SEARCH_USER_PATHS = NO;
				ARCHS = "$(ARCHS_STANDARD_32_BIT)";
				CLANG_ENABLE_OBJC_ARC = YES;
				"CODE_SIGN_IDENTITY[sdk=iphoneos*]" = "iPhone Developer";
				COPY_PHASE_STRIP = NO;
				GCC_C_LANGUAGE_STANDARD = gnu99;
				GCC_DYNAMIC_NO_PIC = NO;
				GCC_OPTIMIZATION_LEVEL = 0;
				GCC_PREPROCESSOR_DEFINITIONS = (
					"DEBUG=1",
					"$(inherited)",
				);
				GCC_SYMBOLS_PRIVATE_EXTERN = NO;
				GCC_VERSION = com.apple.compilers.llvm.clang.1_0;
				GCC_WARN_ABOUT_MISSING_PROTOTYPES = YES;
				GCC_WARN_ABOUT_RETURN_TYPE = YES;
				GCC_WARN_UNUSED_VARIABLE = YES;
				HEADER_SEARCH_PATHS = "\"$(SOURCE_ROOT)/RestKit/Build\"";
				IPHONEOS_DEPLOYMENT_TARGET = 5.0;
				LIBRARY_SEARCH_PATHS = "";
				OTHER_LDFLAGS = (
					"-ObjC",
					"-all_load",
				);
				SDKROOT = iphoneos;
				TARGETED_DEVICE_FAMILY = 2;
			};
			name = Debug;
		};
		70F164EC14A3D8D400532A35 /* Release */ = {
			isa = XCBuildConfiguration;
			buildSettings = {
				ALWAYS_SEARCH_USER_PATHS = NO;
				ARCHS = "$(ARCHS_STANDARD_32_BIT)";
				CLANG_ENABLE_OBJC_ARC = YES;
				"CODE_SIGN_IDENTITY[sdk=iphoneos*]" = "iPhone Developer";
				COPY_PHASE_STRIP = YES;
				GCC_C_LANGUAGE_STANDARD = gnu99;
				GCC_VERSION = com.apple.compilers.llvm.clang.1_0;
				GCC_WARN_ABOUT_MISSING_PROTOTYPES = YES;
				GCC_WARN_ABOUT_RETURN_TYPE = YES;
				GCC_WARN_UNUSED_VARIABLE = YES;
				HEADER_SEARCH_PATHS = "\"$(SOURCE_ROOT)/RestKit/Build\"";
				IPHONEOS_DEPLOYMENT_TARGET = 5.0;
				LIBRARY_SEARCH_PATHS = "";
				OTHER_CFLAGS = "-DNS_BLOCK_ASSERTIONS=1";
				OTHER_LDFLAGS = (
					"-ObjC",
					"-all_load",
				);
				SDKROOT = iphoneos;
				TARGETED_DEVICE_FAMILY = 2;
				VALIDATE_PRODUCT = YES;
			};
			name = Release;
		};
		70F164EE14A3D8D400532A35 /* Debug */ = {
			isa = XCBuildConfiguration;
			buildSettings = {
				"CODE_SIGN_IDENTITY[sdk=iphoneos*]" = "iPhone Developer: Jace Allison (56K9P5YD9C)";
				GCC_PRECOMPILE_PREFIX_HEADER = YES;
				GCC_PREFIX_HEADER = "Resources/Vault-Prefix.pch";
				INFOPLIST_FILE = "Resources/Vault-Info.plist";
				OTHER_LDFLAGS = (
					"-ObjC",
					"-all_load",
				);
				PRODUCT_NAME = "$(TARGET_NAME)";
				"PROVISIONING_PROFILE[sdk=iphoneos*]" = "0AE6F088-F7E4-46A3-AB02-D9881A3B1122";
				WRAPPER_EXTENSION = app;
			};
			name = Debug;
		};
		70F164EF14A3D8D400532A35 /* Release */ = {
			isa = XCBuildConfiguration;
			buildSettings = {
				"CODE_SIGN_IDENTITY[sdk=iphoneos*]" = "iPhone Developer: Jace Allison (56K9P5YD9C)";
				GCC_PRECOMPILE_PREFIX_HEADER = YES;
				GCC_PREFIX_HEADER = "Resources/Vault-Prefix.pch";
				INFOPLIST_FILE = "Resources/Vault-Info.plist";
				OTHER_LDFLAGS = (
					"-ObjC",
					"-all_load",
				);
				PRODUCT_NAME = "$(TARGET_NAME)";
				"PROVISIONING_PROFILE[sdk=iphoneos*]" = "0AE6F088-F7E4-46A3-AB02-D9881A3B1122";
				WRAPPER_EXTENSION = app;
			};
			name = Release;
		};
		70F164F114A3D8D400532A35 /* Debug */ = {
			isa = XCBuildConfiguration;
			buildSettings = {
				BUNDLE_LOADER = "$(BUILT_PRODUCTS_DIR)/Vault.app/Vault";
				FRAMEWORK_SEARCH_PATHS = (
					"$(SDKROOT)/Developer/Library/Frameworks",
					"$(DEVELOPER_LIBRARY_DIR)/Frameworks",
				);
				GCC_PRECOMPILE_PREFIX_HEADER = YES;
				GCC_PREFIX_HEADER = "Vault/Vault-Prefix.pch";
				INFOPLIST_FILE = "VaultTests/VaultTests-Info.plist";
				PRODUCT_NAME = "$(TARGET_NAME)";
				TEST_HOST = "$(BUNDLE_LOADER)";
				WRAPPER_EXTENSION = octest;
			};
			name = Debug;
		};
		70F164F214A3D8D400532A35 /* Release */ = {
			isa = XCBuildConfiguration;
			buildSettings = {
				BUNDLE_LOADER = "$(BUILT_PRODUCTS_DIR)/Vault.app/Vault";
				FRAMEWORK_SEARCH_PATHS = (
					"$(SDKROOT)/Developer/Library/Frameworks",
					"$(DEVELOPER_LIBRARY_DIR)/Frameworks",
				);
				GCC_PRECOMPILE_PREFIX_HEADER = YES;
				GCC_PREFIX_HEADER = "Vault/Vault-Prefix.pch";
				INFOPLIST_FILE = "VaultTests/VaultTests-Info.plist";
				PRODUCT_NAME = "$(TARGET_NAME)";
				TEST_HOST = "$(BUNDLE_LOADER)";
				WRAPPER_EXTENSION = octest;
			};
			name = Release;
		};
/* End XCBuildConfiguration section */

/* Begin XCConfigurationList section */
		70F164A914A3D8D400532A35 /* Build configuration list for PBXProject "Vault" */ = {
			isa = XCConfigurationList;
			buildConfigurations = (
				70F164EB14A3D8D400532A35 /* Debug */,
				70F164EC14A3D8D400532A35 /* Release */,
			);
			defaultConfigurationIsVisible = 0;
			defaultConfigurationName = Release;
		};
		70F164ED14A3D8D400532A35 /* Build configuration list for PBXNativeTarget "Vault" */ = {
			isa = XCConfigurationList;
			buildConfigurations = (
				70F164EE14A3D8D400532A35 /* Debug */,
				70F164EF14A3D8D400532A35 /* Release */,
			);
			defaultConfigurationIsVisible = 0;
			defaultConfigurationName = Release;
		};
		70F164F014A3D8D400532A35 /* Build configuration list for PBXNativeTarget "VaultTests" */ = {
			isa = XCConfigurationList;
			buildConfigurations = (
				70F164F114A3D8D400532A35 /* Debug */,
				70F164F214A3D8D400532A35 /* Release */,
			);
			defaultConfigurationIsVisible = 0;
			defaultConfigurationName = Release;
		};
/* End XCConfigurationList section */
	};
	rootObject = 70F164A614A3D8D400532A35 /* Project object */;
}
